github.com/SFedyanov/grt v1.0.5 h1:BCyEieLMLOvzvzSKwTB79kL5XiQSwk04RUpt5yn/OqY=
github.com/SFedyanov/grt v1.0.5/go.mod h1:0fiYeZCziqOqLzYFklg+5SFTwdOnvTU3L9ZVG9/3QUk=
github.com/SFedyanov/grt v1.0.6 h1:pMpja3wQ3o20KR/xhtHWrJjEu6nre9jz267iBj2fmJo=
github.com/SFedyanov/grt v1.0.6/go.mod h1:0fiYeZCziqOqLzYFklg+5SFTwdOnvTU3L9ZVG9/3QUk=
